PODS:
  - BitmarkSDK (0.0.5):
    - TweetNacl
  - HockeySDK (5.1.2):
    - HockeySDK/DefaultLib (= 5.1.2)
  - HockeySDK/DefaultLib (5.1.2)
  - Intercom (5.1.5)
  - KeychainAccess (3.1.2)
  - TesseractOCRiOS (4.0.0)
  - TweetNacl (1.0.1)

DEPENDENCIES:
  - BitmarkSDK (from `https://github.com/bitmark-inc/bitmark-sdk-swift.git`, branch `v1`)
  - HockeySDK
  - Intercom
  - KeychainAccess
  - TesseractOCRiOS (from `https://github.com/gali8/Tesseract-OCR-iOS.git`)

SPEC REPOS:
  https://github.com/cocoapods/specs.git:
    - HockeySDK
    - Intercom
    - KeychainAccess
    - TweetNacl

EXTERNAL SOURCES:
  BitmarkSDK:
    :branch: v1
    :git: https://github.com/bitmark-inc/bitmark-sdk-swift.git
  TesseractOCRiOS:
    :git: https://github.com/gali8/Tesseract-OCR-iOS.git

CHECKOUT OPTIONS:
  BitmarkSDK:
    :commit: 55f360d647f0b26facb59ed6a29fb390b56ad627
    :git: https://github.com/bitmark-inc/bitmark-sdk-swift.git
  TesseractOCRiOS:
    :commit: 14ff7d4e344d788b462ed993b56e94674df52ca9
    :git: https://github.com/gali8/Tesseract-OCR-iOS.git

SPEC CHECKSUMS:
  BitmarkSDK: 3234949ba38f292e9ac3bd5d13a8981b182990a1
  HockeySDK: 38b7e2726af1ea86ae97ce4b5de33ab0817e3500
  Intercom: 0a0ec9a30a12802c56ff02bb98ddf6f047035c68
  KeychainAccess: b3816fddcf28aa29d94b10ec305cd52be14c472b
  TesseractOCRiOS: 729989db3984bb60ba3addb053569b172d48c409
  TweetNacl: ea279cd32bffee69c59c73631470d3419db675df

PODFILE CHECKSUM: 4ba2e35f8f149f68dcabb10a1d0f18cc4cd911ec

COCOAPODS: 1.5.3
