PODS:
  - BigInt (3.0.1):
    - SipHash (~> 1.2)
  - BitmarkSDK (0.0.5):
    - BigInt
    - CryptoSwift
    - TweetNacl
  - CryptoSwift (0.8.1)
  - SipHash (1.2.0)
  - TweetNacl (1.0.1)

DEPENDENCIES:
  - BitmarkSDK (from `https://github.com/bitmark-inc/bitmark-sdk-swift.git`)

EXTERNAL SOURCES:
  BitmarkSDK:
    :git: https://github.com/bitmark-inc/bitmark-sdk-swift.git

CHECKOUT OPTIONS:
  BitmarkSDK:
    :commit: 56038ba9ef43be5dd7d4f7a25e9b84be94bd76c1
    :git: https://github.com/bitmark-inc/bitmark-sdk-swift.git

SPEC CHECKSUMS:
  BigInt: 8e8a52161c745cd3ab78e3dc346a9fbee51e6cf6
  BitmarkSDK: f92c0ab13ef06f415f8b525471e402d8ae2d380f
  CryptoSwift: 4b07d5b508c1eb67bfa314a727b705f8048a85de
  SipHash: c6e9e43e9c531b5bc6602545130c26194a6d31ce
  TweetNacl: ea279cd32bffee69c59c73631470d3419db675df

PODFILE CHECKSUM: bdb8020915ac51ff6d8f520a9f8ede3a3e065e2d

COCOAPODS: 1.4.0
